
Microsoft Visual Studio Solution File, Format Version 12.00
# Visual Studio Version 17
VisualStudioVersion = 17.12.35521.163 d17.12
MinimumVisualStudioVersion = 10.0.40219.1
Project("{FAE04EC0-301F-11D3-BF4B-00C04F79EFBC}") = "TodoList.API", "TodoList\TodoList.API.csproj", "{FA692F47-74FB-4E41-9B01-3EC339518256}"
EndProject
Project("{FAE04EC0-301F-11D3-BF4B-00C04F79EFBC}") = "TodoList.Domain", "TodoList.Domain\TodoList.Domain.csproj", "{2A449F67-8B19-4F8A-B845-EB7FC65160F7}"
EndProject
Project("{FAE04EC0-301F-11D3-BF4B-00C04F79EFBC}") = "TodoList.Application", "TodoList.Application\TodoList.Application.csproj", "{51001808-C536-47DD-B1FB-6DCDB72A4BAF}"
EndProject
Project("{FAE04EC0-301F-11D3-BF4B-00C04F79EFBC}") = "TodoList.Infrastructure", "TodoList.Infrastructure\TodoList.Infrastructure.csproj", "{4D63787B-1030-4D5A-B8B5-6D27AA2D2660}"
EndProject
Global
	GlobalSection(SolutionConfigurationPlatforms) = preSolution
		Debug|Any CPU = Debug|Any CPU
		Release|Any CPU = Release|Any CPU
	EndGlobalSection
	GlobalSection(ProjectConfigurationPlatforms) = postSolution
		{FA692F47-74FB-4E41-9B01-3EC339518256}.Debug|Any CPU.ActiveCfg = Debug|Any CPU
		{FA692F47-74FB-4E41-9B01-3EC339518256}.Debug|Any CPU.Build.0 = Debug|Any CPU
		{FA692F47-74FB-4E41-9B01-3EC339518256}.Release|Any CPU.ActiveCfg = Release|Any CPU
		{FA692F47-74FB-4E41-9B01-3EC339518256}.Release|Any CPU.Build.0 = Release|Any CPU
		{2A449F67-8B19-4F8A-B845-EB7FC65160F7}.Debug|Any CPU.ActiveCfg = Debug|Any CPU
		{2A449F67-8B19-4F8A-B845-EB7FC65160F7}.Debug|Any CPU.Build.0 = Debug|Any CPU
		{2A449F67-8B19-4F8A-B845-EB7FC65160F7}.Release|Any CPU.ActiveCfg = Release|Any CPU
		{2A449F67-8B19-4F8A-B845-EB7FC65160F7}.Release|Any CPU.Build.0 = Release|Any CPU
		{51001808-C536-47DD-B1FB-6DCDB72A4BAF}.Debug|Any CPU.ActiveCfg = Debug|Any CPU
		{51001808-C536-47DD-B1FB-6DCDB72A4BAF}.Debug|Any CPU.Build.0 = Debug|Any CPU
		{51001808-C536-47DD-B1FB-6DCDB72A4BAF}.Release|Any CPU.ActiveCfg = Release|Any CPU
		{51001808-C536-47DD-B1FB-6DCDB72A4BAF}.Release|Any CPU.Build.0 = Release|Any CPU
		{4D63787B-1030-4D5A-B8B5-6D27AA2D2660}.Debug|Any CPU.ActiveCfg = Debug|Any CPU
		{4D63787B-1030-4D5A-B8B5-6D27AA2D2660}.Debug|Any CPU.Build.0 = Debug|Any CPU
		{4D63787B-1030-4D5A-B8B5-6D27AA2D2660}.Release|Any CPU.ActiveCfg = Release|Any CPU
		{4D63787B-1030-4D5A-B8B5-6D27AA2D2660}.Release|Any CPU.Build.0 = Release|Any CPU
	EndGlobalSection
	GlobalSection(SolutionProperties) = preSolution
		HideSolutionNode = FALSE
	EndGlobalSection
EndGlobal
